
Microsoft Visual Studio Solution File, Format Version 12.00
# Visual Studio Version 16
VisualStudioVersion = 16.0.32510.428
MinimumVisualStudioVersion = 10.0.40219.1
Project("{FAE04EC0-301F-11D3-BF4B-00C04F79EFBC}") = "ConsoleApp1Core", "ConsoleApp1Core\ConsoleApp1Core.csproj", "{9CA1BFE1-9922-4EC6-BE42-0D7F8176CDDC}"
EndProject
Global
	GlobalSection(SolutionConfigurationPlatforms) = preSolution
		Debug|Any CPU = Debug|Any CPU
		Release|Any CPU = Release|Any CPU
	EndGlobalSection
	GlobalSection(ProjectConfigurationPlatforms) = postSolution
		{9CA1BFE1-9922-4EC6-BE42-0D7F8176CDDC}.Debug|Any CPU.ActiveCfg = Debug|Any CPU
		{9CA1BFE1-9922-4EC6-BE42-0D7F8176CDDC}.Debug|Any CPU.Build.0 = Debug|Any CPU
		{9CA1BFE1-9922-4EC6-BE42-0D7F8176CDDC}.Release|Any CPU.ActiveCfg = Release|Any CPU
		{9CA1BFE1-9922-4EC6-BE42-0D7F8176CDDC}.Release|Any CPU.Build.0 = Release|Any CPU
	EndGlobalSection
	GlobalSection(SolutionProperties) = preSolution
		HideSolutionNode = FALSE
	EndGlobalSection
	GlobalSection(ExtensibilityGlobals) = postSolution
		SolutionGuid = {205D14B7-11CF-4A7D-B382-0CDDC097A305}
	EndGlobalSection
EndGlobal
